
Microsoft Visual Studio Solution File, Format Version 12.00
# Visual Studio 15
VisualStudioVersion = 15.0.26730.15
MinimumVisualStudioVersion = 10.0.40219.1
Project("{2150E333-8FDC-42A3-9474-1A3956D46DE8}") = "tests", "tests", "{620360EA-DFF5-4DB1-BD34-07B410C3D539}"
EndProject
Project("{2150E333-8FDC-42A3-9474-1A3956D46DE8}") = "src", "src", "{AAF5DD4C-51B9-43D6-BA12-D6F405C994E6}"
EndProject
Project("{2150E333-8FDC-42A3-9474-1A3956D46DE8}") = "Solution Items", "Solution Items", "{9EFD1C86-B5D1-40F2-B487-E703CF1F9314}"
	ProjectSection(SolutionItems) = preProject
		.gitattributes = .gitattributes
		.gitignore = .gitignore
		GitVersion.yml = GitVersion.yml
		LICENSE.md = LICENSE.md
		README.md = README.md
	EndProjectSection
EndProject
Project("{9A19103F-16F7-4668-BE54-9A1E7A4F7556}") = "GeekLearning.Primitives", "src\GeekLearning.Primitives\GeekLearning.Primitives.csproj", "{B7E721CC-9AE9-44FC-BA2D-917E9832D34E}"
EndProject
Project("{9A19103F-16F7-4668-BE54-9A1E7A4F7556}") = "GeekLearning.Primitives.Test", "tests\GeekLearning.Primitives.Test\GeekLearning.Primitives.Test.csproj", "{2C9B7859-2324-41FE-9BCE-A0768EC8458A}"
EndProject
Global
	GlobalSection(SolutionConfigurationPlatforms) = preSolution
		Debug|Any CPU = Debug|Any CPU
		Release|Any CPU = Release|Any CPU
	EndGlobalSection
	GlobalSection(ProjectConfigurationPlatforms) = postSolution
		{B7E721CC-9AE9-44FC-BA2D-917E9832D34E}.Debug|Any CPU.ActiveCfg = Debug|Any CPU
		{B7E721CC-9AE9-44FC-BA2D-917E9832D34E}.Debug|Any CPU.Build.0 = Debug|Any CPU
		{B7E721CC-9AE9-44FC-BA2D-917E9832D34E}.Release|Any CPU.ActiveCfg = Release|Any CPU
		{B7E721CC-9AE9-44FC-BA2D-917E9832D34E}.Release|Any CPU.Build.0 = Release|Any CPU
		{2C9B7859-2324-41FE-9BCE-A0768EC8458A}.Debug|Any CPU.ActiveCfg = Debug|Any CPU
		{2C9B7859-2324-41FE-9BCE-A0768EC8458A}.Debug|Any CPU.Build.0 = Debug|Any CPU
		{2C9B7859-2324-41FE-9BCE-A0768EC8458A}.Release|Any CPU.ActiveCfg = Release|Any CPU
		{2C9B7859-2324-41FE-9BCE-A0768EC8458A}.Release|Any CPU.Build.0 = Release|Any CPU
	EndGlobalSection
	GlobalSection(SolutionProperties) = preSolution
		HideSolutionNode = FALSE
	EndGlobalSection
	GlobalSection(NestedProjects) = preSolution
		{B7E721CC-9AE9-44FC-BA2D-917E9832D34E} = {AAF5DD4C-51B9-43D6-BA12-D6F405C994E6}
		{2C9B7859-2324-41FE-9BCE-A0768EC8458A} = {620360EA-DFF5-4DB1-BD34-07B410C3D539}
	EndGlobalSection
	GlobalSection(ExtensibilityGlobals) = postSolution
		SolutionGuid = {BA3179E9-DE36-4AB9-B7B2-C3D0A1903620}
	EndGlobalSection
EndGlobal
